// !$*UTF8*$!
{
	archiveVersion = 1;
	classes = {
	};
	objectVersion = 46;
	objects = {

/* Begin PBXBuildFile section */
		1C1E7CA91F315E000095749C /* AppDelegate.swift in Sources */ = {isa = PBXBuildFile; fileRef = 1C1E7CA81F315E000095749C /* AppDelegate.swift */; };
		1C1E7CAB1F315E000095749C /* ViewController.swift in Sources */ = {isa = PBXBuildFile; fileRef = 1C1E7CAA1F315E000095749C /* ViewController.swift */; };
		1C1E7CAE1F315E000095749C /* Main.storyboard in Resources */ = {isa = PBXBuildFile; fileRef = 1C1E7CAC1F315E000095749C /* Main.storyboard */; };
		1C1E7CB01F315E000095749C /* Assets.xcassets in Resources */ = {isa = PBXBuildFile; fileRef = 1C1E7CAF1F315E000095749C /* Assets.xcassets */; };
		1C1E7CB31F315E000095749C /* LaunchScreen.storyboard in Resources */ = {isa = PBXBuildFile; fileRef = 1C1E7CB11F315E000095749C /* LaunchScreen.storyboard */; };
		1C1E7CBE1F315E000095749C /* WeatherTests.swift in Sources */ = {isa = PBXBuildFile; fileRef = 1C1E7CBD1F315E000095749C /* WeatherTests.swift */; };
/* End PBXBuildFile section */

/* Begin PBXContainerItemProxy section */
		1C1E7CBA1F315E000095749C /* PBXContainerItemProxy */ = {
			isa = PBXContainerItemProxy;
			containerPortal = 1C1E7C9D1F315E000095749C /* Project object */;
			proxyType = 1;
			remoteGlobalIDString = 1C1E7CA41F315E000095749C;
			remoteInfo = Weather;
		};
/* End PBXContainerItemProxy section */

/* Begin PBXFileReference section */
		1C1E7CA51F315E000095749C /* Weather.app */ = {isa = PBXFileReference; explicitFileType = wrapper.application; includeInIndex = 0; path = Weather.app; sourceTree = BUILT_PRODUCTS_DIR; };
		1C1E7CA81F315E000095749C /* AppDelegate.swift */ = {isa = PBXFileReference; lastKnownFileType = sourcecode.swift; path = AppDelegate.swift; sourceTree = "<group>"; };
		1C1E7CAA1F315E000095749C /* ViewController.swift */ = {isa = PBXFileReference; lastKnownFileType = sourcecode.swift; path = ViewController.swift; sourceTree = "<group>"; };
		1C1E7CAD1F315E000095749C /* Base */ = {isa = PBXFileReference; lastKnownFileType = file.storyboard; name = Base; path = Base.lproj/Main.storyboard; sourceTree = "<group>"; };
		1C1E7CAF1F315E000095749C /* Assets.xcassets */ = {isa = PBXFileReference; lastKnownFileType = folder.assetcatalog; path = Assets.xcassets; sourceTree = "<group>"; };
		1C1E7CB21F315E000095749C /* Base */ = {isa = PBXFileReference; lastKnownFileType = file.storyboard; name = Base; path = Base.lproj/LaunchScreen.storyboard; sourceTree = "<group>"; };
		1C1E7CB41F315E000095749C /* Info.plist */ = {isa = PBXFileReference; lastKnownFileType = text.plist.xml; path = Info.plist; sourceTree = "<group>"; };
		1C1E7CB91F315E000095749C /* WeatherTests.xctest */ = {isa = PBXFileReference; explicitFileType = wrapper.cfbundle; includeInIndex = 0; path = WeatherTests.xctest; sourceTree = BUILT_PRODUCTS_DIR; };
		1C1E7CBD1F315E000095749C /* WeatherTests.swift */ = {isa = PBXFileReference; lastKnownFileType = sourcecode.swift; path = WeatherTests.swift; sourceTree = "<group>"; };
		1C1E7CBF1F315E000095749C /* Info.plist */ = {isa = PBXFileReference; lastKnownFileType = text.plist.xml; path = Info.plist; sourceTree = "<group>"; };
/* End PBXFileReference section */

/* Begin PBXFrameworksBuildPhase section */
		1C1E7CA21F315E000095749C /* Frameworks */ = {
			isa = PBXFrameworksBuildPhase;
			buildActionMask = 2147483647;
			files = (
			);
			runOnlyForDeploymentPostprocessing = 0;
		};
		1C1E7CB61F315E000095749C /* Frameworks */ = {
			isa = PBXFrameworksBuildPhase;
			buildActionMask = 2147483647;
			files = (
			);
			runOnlyForDeploymentPostprocessing = 0;
		};
/* End PBXFrameworksBuildPhase section */

/* Begin PBXGroup section */
		1C1E7C9C1F315E000095749C = {
			isa = PBXGroup;
			children = (
				1C1E7CA71F315E000095749C /* Weather */,
				1C1E7CBC1F315E000095749C /* WeatherTests */,
				1C1E7CA61F315E000095749C /* Products */,
			);
			sourceTree = "<group>";
		};
		1C1E7CA61F315E000095749C /* Products */ = {
			isa = PBXGroup;
			children = (
				1C1E7CA51F315E000095749C /* Weather.app */,
				1C1E7CB91F315E000095749C /* WeatherTests.xctest */,
			);
			name = Products;
			sourceTree = "<group>";
		};
		1C1E7CA71F315E000095749C /* Weather */ = {
			isa = PBXGroup;
			children = (
				1C1E7CA81F315E000095749C /* AppDelegate.swift */,
				1C1E7CAA1F315E000095749C /* ViewController.swift */,
				1C1E7CAC1F315E000095749C /* Main.storyboard */,
				1C1E7CAF1F315E000095749C /* Assets.xcassets */,
				1C1E7CB11F315E000095749C /* LaunchScreen.storyboard */,
				1C1E7CB41F315E000095749C /* Info.plist */,
			);
			path = Weather;
			sourceTree = "<group>";
		};
		1C1E7CBC1F315E000095749C /* WeatherTests */ = {
			isa = PBXGroup;
			children = (
				1C1E7CBD1F315E000095749C /* WeatherTests.swift */,
				1C1E7CBF1F315E000095749C /* Info.plist */,
			);
			path = WeatherTests;
			sourceTree = "<group>";
		};
/* End PBXGroup section */

/* Begin PBXNativeTarget section */
		1C1E7CA41F315E000095749C /* Weather */ = {
			isa = PBXNativeTarget;
			buildConfigurationList = 1C1E7CC21F315E000095749C /* Build configuration list for PBXNativeTarget "Weather" */;
			buildPhases = (
				1C1E7CA11F315E000095749C /* Sources */,
				1C1E7CA21F315E000095749C /* Frameworks */,
				1C1E7CA31F315E000095749C /* Resources */,
			);
			buildRules = (
			);
			dependencies = (
			);
			name = Weather;
			productName = Weather;
			productReference = 1C1E7CA51F315E000095749C /* Weather.app */;
			productType = "com.apple.product-type.application";
		};
		1C1E7CB81F315E000095749C /* WeatherTests */ = {
			isa = PBXNativeTarget;
			buildConfigurationList = 1C1E7CC51F315E000095749C /* Build configuration list for PBXNativeTarget "WeatherTests" */;
			buildPhases = (
				1C1E7CB51F315E000095749C /* Sources */,
				1C1E7CB61F315E000095749C /* Frameworks */,
				1C1E7CB71F315E000095749C /* Resources */,
			);
			buildRules = (
			);
			dependencies = (
				1C1E7CBB1F315E000095749C /* PBXTargetDependency */,
			);
			name = WeatherTests;
			productName = WeatherTests;
			productReference = 1C1E7CB91F315E000095749C /* WeatherTests.xctest */;
			productType = "com.apple.product-type.bundle.unit-test";
		};
/* End PBXNativeTarget section */

/* Begin PBXProject section */
		1C1E7C9D1F315E000095749C /* Project object */ = {
			isa = PBXProject;
			attributes = {
				LastSwiftUpdateCheck = 0830;
				LastUpgradeCheck = 0830;
				ORGANIZATIONNAME = "Mukul Keshar";
				TargetAttributes = {
					1C1E7CA41F315E000095749C = {
						CreatedOnToolsVersion = 8.3.3;
						DevelopmentTeam = XR388X57TJ;
						ProvisioningStyle = Automatic;
					};
					1C1E7CB81F315E000095749C = {
						CreatedOnToolsVersion = 8.3.3;
						DevelopmentTeam = XR388X57TJ;
						ProvisioningStyle = Automatic;
						TestTargetID = 1C1E7CA41F315E000095749C;
					};
				};
			};
			buildConfigurationList = 1C1E7CA01F315E000095749C /* Build configuration list for PBXProject "Weather" */;
			compatibilityVersion = "Xcode 3.2";
			developmentRegion = English;
			hasScannedForEncodings = 0;
			knownRegions = (
				en,
				Base,
			);
			mainGroup = 1C1E7C9C1F315E000095749C;
			productRefGroup = 1C1E7CA61F315E000095749C /* Products */;
			projectDirPath = "";
			projectRoot = "";
			targets = (
				1C1E7CA41F315E000095749C /* Weather */,
				1C1E7CB81F315E000095749C /* WeatherTests */,
			);
		};
/* End PBXProject section */

/* Begin PBXResourcesBuildPhase section */
		1C1E7CA31F315E000095749C /* Resources */ = {
			isa = PBXResourcesBuildPhase;
			buildActionMask = 2147483647;
			files = (
				1C1E7CB31F315E000095749C /* LaunchScreen.storyboard in Resources */,
				1C1E7CB01F315E000095749C /* Assets.xcassets in Resources */,
				1C1E7CAE1F315E000095749C /* Main.storyboard in Resources */,
			);
			runOnlyForDeploymentPostprocessing = 0;
		};
		1C1E7CB71F315E000095749C /* Resources */ = {
			isa = PBXResourcesBuildPhase;
			buildActionMask = 2147483647;
			files = (
			);
			runOnlyForDeploymentPostprocessing = 0;
		};
/* End PBXResourcesBuildPhase section */

/* Begin PBXSourcesBuildPhase section */
		1C1E7CA11F315E000095749C /* Sources */ = {
			isa = PBXSourcesBuildPhase;
			buildActionMask = 2147483647;
			files = (
				1C1E7CAB1F315E000095749C /* ViewController.swift in Sources */,
				1C1E7CA91F315E000095749C /* AppDelegate.swift in Sources */,
			);
			runOnlyForDeploymentPostprocessing = 0;
		};
		1C1E7CB51F315E000095749C /* Sources */ = {
			isa = PBXSourcesBuildPhase;
			buildActionMask = 2147483647;
			files = (
				1C1E7CBE1F315E000095749C /* WeatherTests.swift in Sources */,
			);
			runOnlyForDeploymentPostprocessing = 0;
		};
/* End PBXSourcesBuildPhase section */

/* Begin PBXTargetDependency section */
		1C1E7CBB1F315E000095749C /* PBXTargetDependency */ = {
			isa = PBXTargetDependency;
			target = 1C1E7CA41F315E000095749C /* Weather */;
			targetProxy = 1C1E7CBA1F315E000095749C /* PBXContainerItemProxy */;
		};
/* End PBXTargetDependency section */

/* Begin PBXVariantGroup section */
		1C1E7CAC1F315E000095749C /* Main.storyboard */ = {
			isa = PBXVariantGroup;
			children = (
				1C1E7CAD1F315E000095749C /* Base */,
			);
			name = Main.storyboard;
			sourceTree = "<group>";
		};
		1C1E7CB11F315E000095749C /* LaunchScreen.storyboard */ = {
			isa = PBXVariantGroup;
			children = (
				1C1E7CB21F315E000095749C /* Base */,
			);
			name = LaunchScreen.storyboard;
			sourceTree = "<group>";
		};
/* End PBXVariantGroup section */

/* Begin XCBuildConfiguration section */
		1C1E7CC01F315E000095749C /* Debug */ = {
			isa = XCBuildConfiguration;
			buildSettings = {
				ALWAYS_SEARCH_USER_PATHS = NO;
				CLANG_ANALYZER_NONNULL = YES;
				CLANG_ANALYZER_NUMBER_OBJECT_CONVERSION = YES_AGGRESSIVE;
				CLANG_CXX_LANGUAGE_STANDARD = "gnu++0x";
				CLANG_CXX_LIBRARY = "libc++";
				CLANG_ENABLE_MODULES = YES;
				CLANG_ENABLE_OBJC_ARC = YES;
				CLANG_WARN_BOOL_CONVERSION = YES;
				CLANG_WARN_CONSTANT_CONVERSION = YES;
				CLANG_WARN_DIRECT_OBJC_ISA_USAGE = YES_ERROR;
				CLANG_WARN_DOCUMENTATION_COMMENTS = YES;
				CLANG_WARN_EMPTY_BODY = YES;
				CLANG_WARN_ENUM_CONVERSION = YES;
				CLANG_WARN_INFINITE_RECURSION = YES;
				CLANG_WARN_INT_CONVERSION = YES;
				CLANG_WARN_OBJC_ROOT_CLASS = YES_ERROR;
				CLANG_WARN_SUSPICIOUS_MOVE = YES;
				CLANG_WARN_UNREACHABLE_CODE = YES;
				CLANG_WARN__DUPLICATE_METHOD_MATCH = YES;
				"CODE_SIGN_IDENTITY[sdk=iphoneos*]" = "iPhone Developer";
				COPY_PHASE_STRIP = NO;
				DEBUG_INFORMATION_FORMAT = dwarf;
				ENABLE_STRICT_OBJC_MSGSEND = YES;
				ENABLE_TESTABILITY = YES;
				GCC_C_LANGUAGE_STANDARD = gnu99;
				GCC_DYNAMIC_NO_PIC = NO;
				GCC_NO_COMMON_BLOCKS = YES;
				GCC_OPTIMIZATION_LEVEL = 0;
				GCC_PREPROCESSOR_DEFINITIONS = (
					"DEBUG=1",
					"$(inherited)",
				);
				GCC_WARN_64_TO_32_BIT_CONVERSION = YES;
				GCC_WARN_ABOUT_RETURN_TYPE = YES_ERROR;
				GCC_WARN_UNDECLARED_SELECTOR = YES;
				GCC_WARN_UNINITIALIZED_AUTOS = YES_AGGRESSIVE;
				GCC_WARN_UNUSED_FUNCTION = YES;
				GCC_WARN_UNUSED_VARIABLE = YES;
				IPHONEOS_DEPLOYMENT_TARGET = 10.3;
				MTL_ENABLE_DEBUG_INFO = YES;
				ONLY_ACTIVE_ARCH = YES;
				SDKROOT = iphoneos;
				SWIFT_ACTIVE_COMPILATION_CONDITIONS = DEBUG;
				SWIFT_OPTIMIZATION_LEVEL = "-Onone";
			};
			name = Debug;
		};
		1C1E7CC11F315E000095749C /* Release */ = {
			isa = XCBuildConfiguration;
			buildSettings = {
				ALWAYS_SEARCH_USER_PATHS = NO;
				CLANG_ANALYZER_NONNULL = YES;
				CLANG_ANALYZER_NUMBER_OBJECT_CONVERSION = YES_AGGRESSIVE;
				CLANG_CXX_LANGUAGE_STANDARD = "gnu++0x";
				CLANG_CXX_LIBRARY = "libc++";
				CLANG_ENABLE_MODULES = YES;
				CLANG_ENABLE_OBJC_ARC = YES;
				CLANG_WARN_BOOL_CONVERSION = YES;
				CLANG_WARN_CONSTANT_CONVERSION = YES;
				CLANG_WARN_DIRECT_OBJC_ISA_USAGE = YES_ERROR;
				CLANG_WARN_DOCUMENTATION_COMMENTS = YES;
				CLANG_WARN_EMPTY_BODY = YES;
				CLANG_WARN_ENUM_CONVERSION = YES;
				CLANG_WARN_INFINITE_RECURSION = YES;
				CLANG_WARN_INT_CONVERSION = YES;
				CLANG_WARN_OBJC_ROOT_CLASS = YES_ERROR;
				CLANG_WARN_SUSPICIOUS_MOVE = YES;
				CLANG_WARN_UNREACHABLE_CODE = YES;
				CLANG_WARN__DUPLICATE_METHOD_MATCH = YES;
				"CODE_SIGN_IDENTITY[sdk=iphoneos*]" = "iPhone Developer";
				COPY_PHASE_STRIP = NO;
				DEBUG_INFORMATION_FORMAT = "dwarf-with-dsym";
				ENABLE_NS_ASSERTIONS = NO;
				ENABLE_STRICT_OBJC_MSGSEND = YES;
				GCC_C_LANGUAGE_STANDARD = gnu99;
				GCC_NO_COMMON_BLOCKS = YES;
				GCC_WARN_64_TO_32_BIT_CONVERSION = YES;
				GCC_WARN_ABOUT_RETURN_TYPE = YES_ERROR;
				GCC_WARN_UNDECLARED_SELECTOR = YES;
				GCC_WARN_UNINITIALIZED_AUTOS = YES_AGGRESSIVE;
				GCC_WARN_UNUSED_FUNCTION = YES;
				GCC_WARN_UNUSED_VARIABLE = YES;
				IPHONEOS_DEPLOYMENT_TARGET = 10.3;
				MTL_ENABLE_DEBUG_INFO = NO;
				SDKROOT = iphoneos;
				SWIFT_OPTIMIZATION_LEVEL = "-Owholemodule";
				VALIDATE_PRODUCT = YES;
			};
			name = Release;
		};
		1C1E7CC31F315E000095749C /* Debug */ = {
			isa = XCBuildConfiguration;
			buildSettings = {
				ASSETCATALOG_COMPILER_APPICON_NAME = AppIcon;
				DEVELOPMENT_TEAM = XR388X57TJ;
				INFOPLIST_FILE = Weather/Info.plist;
				LD_RUNPATH_SEARCH_PATHS = "$(inherited) @executable_path/Frameworks";
				PRODUCT_BUNDLE_IDENTIFIER = com.mukul.Weather.Weather;
				PRODUCT_NAME = "$(TARGET_NAME)";
				SWIFT_VERSION = 3.0;
			};
			name = Debug;
		};
		1C1E7CC41F315E000095749C /* Release */ = {
			isa = XCBuildConfiguration;
			buildSettings = {
				ASSETCATALOG_COMPILER_APPICON_NAME = AppIcon;
				DEVELOPMENT_TEAM = XR388X57TJ;
				INFOPLIST_FILE = Weather/Info.plist;
				LD_RUNPATH_SEARCH_PATHS = "$(inherited) @executable_path/Frameworks";
				PRODUCT_BUNDLE_IDENTIFIER = com.mukul.Weather.Weather;
				PRODUCT_NAME = "$(TARGET_NAME)";
				SWIFT_VERSION = 3.0;
			};
			name = Release;
		};
		1C1E7CC61F315E000095749C /* Debug */ = {
			isa = XCBuildConfiguration;
			buildSettings = {
				ALWAYS_EMBED_SWIFT_STANDARD_LIBRARIES = YES;
				BUNDLE_LOADER = "$(TEST_HOST)";
				DEVELOPMENT_TEAM = XR388X57TJ;
				INFOPLIST_FILE = WeatherTests/Info.plist;
				LD_RUNPATH_SEARCH_PATHS = "$(inherited) @executable_path/Frameworks @loader_path/Frameworks";
				PRODUCT_BUNDLE_IDENTIFIER = com.mukul.Weather.WeatherTests;
				PRODUCT_NAME = "$(TARGET_NAME)";
				SWIFT_VERSION = 3.0;
				TEST_HOST = "$(BUILT_PRODUCTS_DIR)/Weather.app/Weather";
			};
			name = Debug;
		};
		1C1E7CC71F315E000095749C /* Release */ = {
			isa = XCBuildConfiguration;
			buildSettings = {
				ALWAYS_EMBED_SWIFT_STANDARD_LIBRARIES = YES;
				BUNDLE_LOADER = "$(TEST_HOST)";
				DEVELOPMENT_TEAM = XR388X57TJ;
				INFOPLIST_FILE = WeatherTests/Info.plist;
				LD_RUNPATH_SEARCH_PATHS = "$(inherited) @executable_path/Frameworks @loader_path/Frameworks";
				PRODUCT_BUNDLE_IDENTIFIER = com.mukul.Weather.WeatherTests;
				PRODUCT_NAME = "$(TARGET_NAME)";
				SWIFT_VERSION = 3.0;
				TEST_HOST = "$(BUILT_PRODUCTS_DIR)/Weather.app/Weather";
			};
			name = Release;
		};
/* End XCBuildConfiguration section */

/* Begin XCConfigurationList section */
		1C1E7CA01F315E000095749C /* Build configuration list for PBXProject "Weather" */ = {
			isa = XCConfigurationList;
			buildConfigurations = (
				1C1E7CC01F315E000095749C /* Debug */,
				1C1E7CC11F315E000095749C /* Release */,
			);
			defaultConfigurationIsVisible = 0;
			defaultConfigurationName = Release;
		};
		1C1E7CC21F315E000095749C /* Build configuration list for PBXNativeTarget "Weather" */ = {
			isa = XCConfigurationList;
			buildConfigurations = (
				1C1E7CC31F315E000095749C /* Debug */,
				1C1E7CC41F315E000095749C /* Release */,
			);
			defaultConfigurationIsVisible = 0;
		};
		1C1E7CC51F315E000095749C /* Build configuration list for PBXNativeTarget "WeatherTests" */ = {
			isa = XCConfigurationList;
			buildConfigurations = (
				1C1E7CC61F315E000095749C /* Debug */,
				1C1E7CC71F315E000095749C /* Release */,
			);
			defaultConfigurationIsVisible = 0;
		};
/* End XCConfigurationList section */
	};
	rootObject = 1C1E7C9D1F315E000095749C /* Project object */;
}
